
Microsoft Visual Studio Solution File, Format Version 12.00
# Visual Studio 16
Project("{FAE04EC0-301F-11D3-BF4B-00C04F79EFBC}") = "Assembly-CSharp", "Assembly-CSharp.csproj", "{23279448-C086-9949-CE37-2DC2C11AF900}"
EndProject
Project("{FAE04EC0-301F-11D3-BF4B-00C04F79EFBC}") = "Assembly-CSharp-Editor", "Assembly-CSharp-Editor.csproj", "{B3D30798-D2EB-66CA-316B-B3FB194768E3}"
EndProject
Global
	GlobalSection(SolutionConfigurationPlatforms) = preSolution
		Debug|Any CPU = Debug|Any CPU
		Release|Any CPU = Release|Any CPU
	EndGlobalSection
	GlobalSection(ProjectConfigurationPlatforms) = postSolution
		{23279448-C086-9949-CE37-2DC2C11AF900}.Debug|Any CPU.ActiveCfg = Debug|Any CPU
		{23279448-C086-9949-CE37-2DC2C11AF900}.Debug|Any CPU.Build.0 = Debug|Any CPU
		{23279448-C086-9949-CE37-2DC2C11AF900}.Release|Any CPU.ActiveCfg = Release|Any CPU
		{23279448-C086-9949-CE37-2DC2C11AF900}.Release|Any CPU.Build.0 = Release|Any CPU
		{B3D30798-D2EB-66CA-316B-B3FB194768E3}.Debug|Any CPU.ActiveCfg = Debug|Any CPU
		{B3D30798-D2EB-66CA-316B-B3FB194768E3}.Debug|Any CPU.Build.0 = Debug|Any CPU
		{B3D30798-D2EB-66CA-316B-B3FB194768E3}.Release|Any CPU.ActiveCfg = Release|Any CPU
		{B3D30798-D2EB-66CA-316B-B3FB194768E3}.Release|Any CPU.Build.0 = Release|Any CPU
	EndGlobalSection
	GlobalSection(SolutionProperties) = preSolution
		HideSolutionNode = FALSE
	EndGlobalSection
EndGlobal
